
Microsoft Visual Studio Solution File, Format Version 12.00
# Visual Studio Version 17
VisualStudioVersion = 17.0.32126.317
MinimumVisualStudioVersion = 10.0.40219.1
Project("{FAE04EC0-301F-11D3-BF4B-00C04F79EFBC}") = "SerializationTest", "SerializationTest.csproj", "{956F1FB9-8857-428F-81ED-42EFC77FC890}"
EndProject
Project("{9A19103F-16F7-4668-BE54-9A1E7A4F7556}") = "NP.Utilities", "..\..\src\NP.Utilities.csproj", "{DAC3217F-754E-4EF0-B342-94834CEED6C3}"
EndProject
Global
	GlobalSection(SolutionConfigurationPlatforms) = preSolution
		Debug|Any CPU = Debug|Any CPU
		Release|Any CPU = Release|Any CPU
	EndGlobalSection
	GlobalSection(ProjectConfigurationPlatforms) = postSolution
		{956F1FB9-8857-428F-81ED-42EFC77FC890}.Debug|Any CPU.ActiveCfg = Debug|Any CPU
		{956F1FB9-8857-428F-81ED-42EFC77FC890}.Debug|Any CPU.Build.0 = Debug|Any CPU
		{956F1FB9-8857-428F-81ED-42EFC77FC890}.Release|Any CPU.ActiveCfg = Release|Any CPU
		{956F1FB9-8857-428F-81ED-42EFC77FC890}.Release|Any CPU.Build.0 = Release|Any CPU
		{DAC3217F-754E-4EF0-B342-94834CEED6C3}.Debug|Any CPU.ActiveCfg = Debug|Any CPU
		{DAC3217F-754E-4EF0-B342-94834CEED6C3}.Debug|Any CPU.Build.0 = Debug|Any CPU
		{DAC3217F-754E-4EF0-B342-94834CEED6C3}.Release|Any CPU.ActiveCfg = Release|Any CPU
		{DAC3217F-754E-4EF0-B342-94834CEED6C3}.Release|Any CPU.Build.0 = Release|Any CPU
	EndGlobalSection
	GlobalSection(SolutionProperties) = preSolution
		HideSolutionNode = FALSE
	EndGlobalSection
	GlobalSection(ExtensibilityGlobals) = postSolution
		SolutionGuid = {CA557BE7-063B-4EAF-8141-0409A430100A}
	EndGlobalSection
EndGlobal
