
Microsoft Visual Studio Solution File, Format Version 12.00
# Visual Studio Version 17
VisualStudioVersion = 17.1.32319.34
MinimumVisualStudioVersion = 10.0.40219.1
Project("{FAE04EC0-301F-11D3-BF4B-00C04F79EFBC}") = "ExpressionTest", "ExpressionTest.csproj", "{4B238401-5F9D-4D92-A0CE-82F40FF9E603}"
EndProject
Project("{2150E333-8FDC-42A3-9474-1A3956D46DE8}") = "Core", "Core", "{422196F3-C843-46CA-A111-A3B41520151B}"
EndProject
Project("{9A19103F-16F7-4668-BE54-9A1E7A4F7556}") = "NP.Utilities", "..\..\src\NP.Utilities.csproj", "{3DE8ADB8-3E7C-470F-B3F5-7E88ADCBC71D}"
EndProject
Global
	GlobalSection(SolutionConfigurationPlatforms) = preSolution
		Debug|Any CPU = Debug|Any CPU
		Release|Any CPU = Release|Any CPU
	EndGlobalSection
	GlobalSection(ProjectConfigurationPlatforms) = postSolution
		{4B238401-5F9D-4D92-A0CE-82F40FF9E603}.Debug|Any CPU.ActiveCfg = Debug|Any CPU
		{4B238401-5F9D-4D92-A0CE-82F40FF9E603}.Debug|Any CPU.Build.0 = Debug|Any CPU
		{4B238401-5F9D-4D92-A0CE-82F40FF9E603}.Release|Any CPU.ActiveCfg = Release|Any CPU
		{4B238401-5F9D-4D92-A0CE-82F40FF9E603}.Release|Any CPU.Build.0 = Release|Any CPU
		{3DE8ADB8-3E7C-470F-B3F5-7E88ADCBC71D}.Debug|Any CPU.ActiveCfg = Debug|Any CPU
		{3DE8ADB8-3E7C-470F-B3F5-7E88ADCBC71D}.Debug|Any CPU.Build.0 = Debug|Any CPU
		{3DE8ADB8-3E7C-470F-B3F5-7E88ADCBC71D}.Release|Any CPU.ActiveCfg = Release|Any CPU
		{3DE8ADB8-3E7C-470F-B3F5-7E88ADCBC71D}.Release|Any CPU.Build.0 = Release|Any CPU
	EndGlobalSection
	GlobalSection(SolutionProperties) = preSolution
		HideSolutionNode = FALSE
	EndGlobalSection
	GlobalSection(NestedProjects) = preSolution
		{3DE8ADB8-3E7C-470F-B3F5-7E88ADCBC71D} = {422196F3-C843-46CA-A111-A3B41520151B}
	EndGlobalSection
	GlobalSection(ExtensibilityGlobals) = postSolution
		SolutionGuid = {AC1DCB52-E209-4930-83F7-072C3CD14270}
	EndGlobalSection
EndGlobal
