
Microsoft Visual Studio Solution File, Format Version 12.00
# Visual Studio Version 17
VisualStudioVersion = 17.0.32126.317
MinimumVisualStudioVersion = 10.0.40219.1
Project("{9A19103F-16F7-4668-BE54-9A1E7A4F7556}") = "NP.Utilities", "NP.Utilities.csproj", "{AA88EAD1-73C7-4C5A-8B80-1A1A91ABEF7F}"
EndProject
Global
	GlobalSection(SolutionConfigurationPlatforms) = preSolution
		Debug|Any CPU = Debug|Any CPU
		Release|Any CPU = Release|Any CPU
	EndGlobalSection
	GlobalSection(ProjectConfigurationPlatforms) = postSolution
		{AA88EAD1-73C7-4C5A-8B80-1A1A91ABEF7F}.Debug|Any CPU.ActiveCfg = Debug|Any CPU
		{AA88EAD1-73C7-4C5A-8B80-1A1A91ABEF7F}.Debug|Any CPU.Build.0 = Debug|Any CPU
		{AA88EAD1-73C7-4C5A-8B80-1A1A91ABEF7F}.Release|Any CPU.ActiveCfg = Release|Any CPU
		{AA88EAD1-73C7-4C5A-8B80-1A1A91ABEF7F}.Release|Any CPU.Build.0 = Release|Any CPU
	EndGlobalSection
	GlobalSection(SolutionProperties) = preSolution
		HideSolutionNode = FALSE
	EndGlobalSection
	GlobalSection(ExtensibilityGlobals) = postSolution
		SolutionGuid = {7496199E-235B-4781-959B-EBDA6BFABE8F}
	EndGlobalSection
EndGlobal
